
Microsoft Visual Studio Solution File, Format Version 12.00
# Visual Studio Version 16
VisualStudioVersion = 16.0.30523.141
MinimumVisualStudioVersion = 10.0.40219.1
Project("{FAE04EC0-301F-11D3-BF4B-00C04F79EFBC}") = "study_C", "study_C\study_C.csproj", "{F4B1F687-DBE7-49EF-AA86-E37DCDC45FBF}"
EndProject
Global
	GlobalSection(SolutionConfigurationPlatforms) = preSolution
		Debug|Any CPU = Debug|Any CPU
		Release|Any CPU = Release|Any CPU
	EndGlobalSection
	GlobalSection(ProjectConfigurationPlatforms) = postSolution
		{F4B1F687-DBE7-49EF-AA86-E37DCDC45FBF}.Debug|Any CPU.ActiveCfg = Debug|Any CPU
		{F4B1F687-DBE7-49EF-AA86-E37DCDC45FBF}.Debug|Any CPU.Build.0 = Debug|Any CPU
		{F4B1F687-DBE7-49EF-AA86-E37DCDC45FBF}.Release|Any CPU.ActiveCfg = Release|Any CPU
		{F4B1F687-DBE7-49EF-AA86-E37DCDC45FBF}.Release|Any CPU.Build.0 = Release|Any CPU
	EndGlobalSection
	GlobalSection(SolutionProperties) = preSolution
		HideSolutionNode = FALSE
	EndGlobalSection
	GlobalSection(ExtensibilityGlobals) = postSolution
		SolutionGuid = {51F50961-43A4-4F98-9299-A5AA59DAADE4}
	EndGlobalSection
EndGlobal
